
Microsoft Visual Studio Solution File, Format Version 12.00
# Visual Studio Version 17
VisualStudioVersion = 17.4.33213.308
MinimumVisualStudioVersion = 10.0.40219.1
Project("{FAE04EC0-301F-11D3-BF4B-00C04F79EFBC}") = "MinimalApiDemo", "MinimalApiDemo\MinimalApiDemo.csproj", "{7E300B6A-DBC0-4DB4-926A-1C8F1E1D57BD}"
EndProject
Project("{00D1A9C2-B5F0-4AF3-8072-F6C62B433612}") = "UserDB", "UserDB\UserDB.sqlproj", "{8D3DA2B6-ACD4-4891-B360-B487B9D4AD47}"
EndProject
Project("{FAE04EC0-301F-11D3-BF4B-00C04F79EFBC}") = "DataAccess", "DataAccess\DataAccess.csproj", "{3CD0FEC1-426A-4D02-A61F-EF45B2FCBA70}"
EndProject
Project("{2150E333-8FDC-42A3-9474-1A3956D46DE8}") = "Solution Items", "Solution Items", "{688611BD-497B-4542-A26D-D3F6E7581F00}"
EndProject
Global
	GlobalSection(SolutionConfigurationPlatforms) = preSolution
		Debug|Any CPU = Debug|Any CPU
		Release|Any CPU = Release|Any CPU
	EndGlobalSection
	GlobalSection(ProjectConfigurationPlatforms) = postSolution
		{7E300B6A-DBC0-4DB4-926A-1C8F1E1D57BD}.Debug|Any CPU.ActiveCfg = Debug|Any CPU
		{7E300B6A-DBC0-4DB4-926A-1C8F1E1D57BD}.Debug|Any CPU.Build.0 = Debug|Any CPU
		{7E300B6A-DBC0-4DB4-926A-1C8F1E1D57BD}.Release|Any CPU.ActiveCfg = Release|Any CPU
		{7E300B6A-DBC0-4DB4-926A-1C8F1E1D57BD}.Release|Any CPU.Build.0 = Release|Any CPU
		{8D3DA2B6-ACD4-4891-B360-B487B9D4AD47}.Debug|Any CPU.ActiveCfg = Debug|Any CPU
		{8D3DA2B6-ACD4-4891-B360-B487B9D4AD47}.Debug|Any CPU.Build.0 = Debug|Any CPU
		{8D3DA2B6-ACD4-4891-B360-B487B9D4AD47}.Debug|Any CPU.Deploy.0 = Debug|Any CPU
		{8D3DA2B6-ACD4-4891-B360-B487B9D4AD47}.Release|Any CPU.ActiveCfg = Release|Any CPU
		{8D3DA2B6-ACD4-4891-B360-B487B9D4AD47}.Release|Any CPU.Build.0 = Release|Any CPU
		{8D3DA2B6-ACD4-4891-B360-B487B9D4AD47}.Release|Any CPU.Deploy.0 = Release|Any CPU
		{3CD0FEC1-426A-4D02-A61F-EF45B2FCBA70}.Debug|Any CPU.ActiveCfg = Debug|Any CPU
		{3CD0FEC1-426A-4D02-A61F-EF45B2FCBA70}.Debug|Any CPU.Build.0 = Debug|Any CPU
		{3CD0FEC1-426A-4D02-A61F-EF45B2FCBA70}.Release|Any CPU.ActiveCfg = Release|Any CPU
		{3CD0FEC1-426A-4D02-A61F-EF45B2FCBA70}.Release|Any CPU.Build.0 = Release|Any CPU
	EndGlobalSection
	GlobalSection(SolutionProperties) = preSolution
		HideSolutionNode = FALSE
	EndGlobalSection
	GlobalSection(ExtensibilityGlobals) = postSolution
		SolutionGuid = {41893B21-42FD-4F9A-9072-BEBFE5A90E5F}
	EndGlobalSection
EndGlobal
